
Microsoft Visual Studio Solution File, Format Version 12.00
# Visual Studio Version 17
VisualStudioVersion = 17.8.34511.84
MinimumVisualStudioVersion = 10.0.40219.1
Project("{9A19103F-16F7-4668-BE54-9A1E7A4F7556}") = "MovApp", "MovApp\MovApp.csproj", "{82EE6CE9-1B5D-4FF8-BE9D-FD452CBBFA23}"
EndProject
Project("{9A19103F-16F7-4668-BE54-9A1E7A4F7556}") = "Infrastructure", "Infrastructure\Infrastructure.csproj", "{27A9999D-4FB0-47D1-93AE-B90B463B9794}"
EndProject
Project("{FAE04EC0-301F-11D3-BF4B-00C04F79EFBC}") = "MovAppAPI", "MovAppAPI\MovAppAPI.csproj", "{34E9F861-B71C-42C1-A603-B61FDADC15E4}"
EndProject
Global
	GlobalSection(SolutionConfigurationPlatforms) = preSolution
		Debug|Any CPU = Debug|Any CPU
		Release|Any CPU = Release|Any CPU
	EndGlobalSection
	GlobalSection(ProjectConfigurationPlatforms) = postSolution
		{82EE6CE9-1B5D-4FF8-BE9D-FD452CBBFA23}.Debug|Any CPU.ActiveCfg = Debug|Any CPU
		{82EE6CE9-1B5D-4FF8-BE9D-FD452CBBFA23}.Debug|Any CPU.Build.0 = Debug|Any CPU
		{82EE6CE9-1B5D-4FF8-BE9D-FD452CBBFA23}.Release|Any CPU.ActiveCfg = Release|Any CPU
		{82EE6CE9-1B5D-4FF8-BE9D-FD452CBBFA23}.Release|Any CPU.Build.0 = Release|Any CPU
		{27A9999D-4FB0-47D1-93AE-B90B463B9794}.Debug|Any CPU.ActiveCfg = Debug|Any CPU
		{27A9999D-4FB0-47D1-93AE-B90B463B9794}.Debug|Any CPU.Build.0 = Debug|Any CPU
		{27A9999D-4FB0-47D1-93AE-B90B463B9794}.Release|Any CPU.ActiveCfg = Release|Any CPU
		{27A9999D-4FB0-47D1-93AE-B90B463B9794}.Release|Any CPU.Build.0 = Release|Any CPU
		{34E9F861-B71C-42C1-A603-B61FDADC15E4}.Debug|Any CPU.ActiveCfg = Debug|Any CPU
		{34E9F861-B71C-42C1-A603-B61FDADC15E4}.Debug|Any CPU.Build.0 = Debug|Any CPU
		{34E9F861-B71C-42C1-A603-B61FDADC15E4}.Release|Any CPU.ActiveCfg = Release|Any CPU
		{34E9F861-B71C-42C1-A603-B61FDADC15E4}.Release|Any CPU.Build.0 = Release|Any CPU
	EndGlobalSection
	GlobalSection(SolutionProperties) = preSolution
		HideSolutionNode = FALSE
	EndGlobalSection
	GlobalSection(ExtensibilityGlobals) = postSolution
		SolutionGuid = {D425A29A-3DA1-4AD2-8212-7EE391BECE77}
	EndGlobalSection
EndGlobal
